
Microsoft Visual Studio Solution File, Format Version 12.00
# Visual Studio Version 17
VisualStudioVersion = 17.4.33110.190
MinimumVisualStudioVersion = 10.0.40219.1
Project("{9A19103F-16F7-4668-BE54-9A1E7A4F7556}") = "PIS_WinForm", "PIS_WinForm\PIS_WinForm.csproj", "{625E3D2F-E29F-46D1-A6BB-DC90B4691BEB}"
EndProject
Global
	GlobalSection(SolutionConfigurationPlatforms) = preSolution
		Debug|Any CPU = Debug|Any CPU
		Release|Any CPU = Release|Any CPU
	EndGlobalSection
	GlobalSection(ProjectConfigurationPlatforms) = postSolution
		{625E3D2F-E29F-46D1-A6BB-DC90B4691BEB}.Debug|Any CPU.ActiveCfg = Debug|Any CPU
		{625E3D2F-E29F-46D1-A6BB-DC90B4691BEB}.Debug|Any CPU.Build.0 = Debug|Any CPU
		{625E3D2F-E29F-46D1-A6BB-DC90B4691BEB}.Release|Any CPU.ActiveCfg = Release|Any CPU
		{625E3D2F-E29F-46D1-A6BB-DC90B4691BEB}.Release|Any CPU.Build.0 = Release|Any CPU
	EndGlobalSection
	GlobalSection(SolutionProperties) = preSolution
		HideSolutionNode = FALSE
	EndGlobalSection
	GlobalSection(ExtensibilityGlobals) = postSolution
		SolutionGuid = {EB9FCAEA-A8BD-4779-8CD1-E590D5BD0680}
	EndGlobalSection
EndGlobal
